
Microsoft Visual Studio Solution File, Format Version 12.00
# Visual Studio Version 17
VisualStudioVersion = 17.13.35806.99
MinimumVisualStudioVersion = 10.0.40219.1
Project("{FAE04EC0-301F-11D3-BF4B-00C04F79EFBC}") = "MauiWithMudBlazor", "MauiWithMudBlazor.csproj", "{4CB2B99A-6CD4-475E-AD42-58A4C9830CFE}"
EndProject
Global
	GlobalSection(SolutionConfigurationPlatforms) = preSolution
		Debug|Any CPU = Debug|Any CPU
		Release|Any CPU = Release|Any CPU
	EndGlobalSection
	GlobalSection(ProjectConfigurationPlatforms) = postSolution
		{4CB2B99A-6CD4-475E-AD42-58A4C9830CFE}.Debug|Any CPU.ActiveCfg = Release|Any CPU
		{4CB2B99A-6CD4-475E-AD42-58A4C9830CFE}.Debug|Any CPU.Build.0 = Release|Any CPU
		{4CB2B99A-6CD4-475E-AD42-58A4C9830CFE}.Debug|Any CPU.Deploy.0 = Release|Any CPU
		{4CB2B99A-6CD4-475E-AD42-58A4C9830CFE}.Release|Any CPU.ActiveCfg = Release|Any CPU
		{4CB2B99A-6CD4-475E-AD42-58A4C9830CFE}.Release|Any CPU.Build.0 = Release|Any CPU
		{4CB2B99A-6CD4-475E-AD42-58A4C9830CFE}.Release|Any CPU.Deploy.0 = Release|Any CPU
	EndGlobalSection
	GlobalSection(SolutionProperties) = preSolution
		HideSolutionNode = FALSE
	EndGlobalSection
	GlobalSection(ExtensibilityGlobals) = postSolution
		SolutionGuid = {5EA79AEE-ED49-4B75-AD62-FE3810A285B7}
	EndGlobalSection
EndGlobal
